
Microsoft Visual Studio Solution File, Format Version 12.00
# Visual Studio Version 17
VisualStudioVersion = 17.7.34202.233
MinimumVisualStudioVersion = 10.0.40219.1
Project("{8BC9CEB8-8B4A-11D0-8D11-00A0C91BC942}") = "Transparencia", "Transparencia.vcxproj", "{D48F9A35-2256-49F8-A307-BF831B7C5111}"
EndProject
Global
	GlobalSection(SolutionConfigurationPlatforms) = preSolution
		Debug|x64 = Debug|x64
		Debug|x86 = Debug|x86
		Release|x64 = Release|x64
		Release|x86 = Release|x86
	EndGlobalSection
	GlobalSection(ProjectConfigurationPlatforms) = postSolution
		{D48F9A35-2256-49F8-A307-BF831B7C5111}.Debug|x64.ActiveCfg = Debug|x64
		{D48F9A35-2256-49F8-A307-BF831B7C5111}.Debug|x64.Build.0 = Debug|x64
		{D48F9A35-2256-49F8-A307-BF831B7C5111}.Debug|x86.ActiveCfg = Debug|Win32
		{D48F9A35-2256-49F8-A307-BF831B7C5111}.Debug|x86.Build.0 = Debug|Win32
		{D48F9A35-2256-49F8-A307-BF831B7C5111}.Release|x64.ActiveCfg = Release|x64
		{D48F9A35-2256-49F8-A307-BF831B7C5111}.Release|x64.Build.0 = Release|x64
		{D48F9A35-2256-49F8-A307-BF831B7C5111}.Release|x86.ActiveCfg = Release|Win32
		{D48F9A35-2256-49F8-A307-BF831B7C5111}.Release|x86.Build.0 = Release|Win32
	EndGlobalSection
	GlobalSection(SolutionProperties) = preSolution
		HideSolutionNode = FALSE
	EndGlobalSection
	GlobalSection(ExtensibilityGlobals) = postSolution
		SolutionGuid = {36F38E3C-1C03-4171-B6D3-5F6955BA14C2}
	EndGlobalSection
EndGlobal
